
Microsoft Visual Studio Solution File, Format Version 12.00
# Visual Studio Version 17
VisualStudioVersion = 17.8.34525.116
MinimumVisualStudioVersion = 10.0.40219.1
Project("{8BC9CEB8-8B4A-11D0-8D11-00A0C91BC942}") = "Dynamic of array", "Dynamic of array.vcxproj", "{DC66E88E-AD52-4E1E-95D5-1C72CB488253}"
EndProject
Global
	GlobalSection(SolutionConfigurationPlatforms) = preSolution
		Debug|x64 = Debug|x64
		Debug|x86 = Debug|x86
		Release|x64 = Release|x64
		Release|x86 = Release|x86
	EndGlobalSection
	GlobalSection(ProjectConfigurationPlatforms) = postSolution
		{DC66E88E-AD52-4E1E-95D5-1C72CB488253}.Debug|x64.ActiveCfg = Debug|x64
		{DC66E88E-AD52-4E1E-95D5-1C72CB488253}.Debug|x64.Build.0 = Debug|x64
		{DC66E88E-AD52-4E1E-95D5-1C72CB488253}.Debug|x86.ActiveCfg = Debug|Win32
		{DC66E88E-AD52-4E1E-95D5-1C72CB488253}.Debug|x86.Build.0 = Debug|Win32
		{DC66E88E-AD52-4E1E-95D5-1C72CB488253}.Release|x64.ActiveCfg = Release|x64
		{DC66E88E-AD52-4E1E-95D5-1C72CB488253}.Release|x64.Build.0 = Release|x64
		{DC66E88E-AD52-4E1E-95D5-1C72CB488253}.Release|x86.ActiveCfg = Release|Win32
		{DC66E88E-AD52-4E1E-95D5-1C72CB488253}.Release|x86.Build.0 = Release|Win32
	EndGlobalSection
	GlobalSection(SolutionProperties) = preSolution
		HideSolutionNode = FALSE
	EndGlobalSection
	GlobalSection(ExtensibilityGlobals) = postSolution
		SolutionGuid = {3719263F-26DB-4BE7-AD51-3EDBE33C6EA0}
	EndGlobalSection
EndGlobal
